{
    "api-platform/api-pack": {
        "version": "v1.2.2"
    },
    "api-platform/core": {
        "version": "2.5",
        "recipe": {
            "repo": "github.com/symfony/recipes",
            "branch": "master",
            "version": "2.5",
            "ref": "a93061567140e386f107be75340ac2aee3f86cbf"
        },
        "files": [
            "./config/packages/api_platform.yaml",
            "./config/routes/api_platform.yaml",
            "./src/Entity/.gitignore"
        ]
    },
    "dama/doctrine-test-bundle": {
        "version": "4.0",
        "recipe": {
            "repo": "github.com/symfony/recipes-contrib",
            "branch": "master",
            "version": "4.0",
            "ref": "56eaa387b5e48ebcc7c95a893b47dfa1ad51449c"
        },
        "files": [
            "./config/packages/test/dama_doctrine_test_bundle.yaml"
        ]
    },
    "doctrine/data-fixtures": {
        "version": "1.4.3"
    },
    "doctrine/doctrine-fixtures-bundle": {
        "version": "3.0",
        "recipe": {
            "repo": "github.com/symfony/recipes",
            "branch": "master",
            "version": "3.0",
            "ref": "fc52d86631a6dfd9fdf3381d0b7e3df2069e51b3"
        },
        "files": [
            "./src/DataFixtures/AppFixtures.php"
        ]
    },
    "egulias/email-validator": {
        "version": "2.1.18"
    },
    "fig/link-util": {
        "version": "1.1.1"
    },
    "imagine/imagine": {
        "version": "1.2.3"
    },
    "lorenzo/pinky": {
        "version": "1.0.5"
    },
    "nelmio/cors-bundle": {
        "version": "1.5",
        "recipe": {
            "repo": "github.com/symfony/recipes",
            "branch": "master",
            "version": "1.5",
            "ref": "6388de23860284db9acce0a7a5d9d13153bcb571"
        },
        "files": [
            "./config/packages/nelmio_cors.yaml"
        ]
    },
    "php": {
        "version": "7.4"
    },
    "php-webdriver/webdriver": {
        "version": "1.8.2"
    },
    "phpdocumentor/reflection-common": {
        "version": "2.2.0"
    },
    "phpdocumentor/reflection-docblock": {
        "version": "5.2.0"
    },
    "phpdocumentor/type-resolver": {
        "version": "1.3.0"
    },
    "psr/link": {
        "version": "1.0.0"
    },
    "symfony/expression-language": {
        "version": "v5.0.11"
    },
    "symfony/mailer": {
        "version": "4.3",
        "recipe": {
            "repo": "github.com/symfony/recipes",
            "branch": "master",
            "version": "4.3",
            "ref": "15658c2a0176cda2e7dba66276a2030b52bd81b2"
        },
        "files": [
            "./config/packages/mailer.yaml"
        ]
    },
    "symfony/messenger": {
        "version": "4.3",
        "recipe": {
            "repo": "github.com/symfony/recipes",
            "branch": "master",
            "version": "4.3",
            "ref": "8a2675c061737658bed85102e9241c752620e575"
        },
        "files": [
            "./config/packages/messenger.yaml"
        ]
    },
    "symfony/notifier": {
        "version": "5.0",
        "recipe": {
            "repo": "github.com/symfony/recipes",
            "branch": "master",
            "version": "5.0",
            "ref": "c31585e252b32fe0e1f30b1f256af553f4a06eb9"
        },
        "files": [
            "./config/packages/notifier.yaml"
        ]
    },
    "symfony/panther": {
        "version": "v0.7.1"
    },
    "symfony/phpunit-bridge": {
        "version": "4.3",
        "recipe": {
            "repo": "github.com/symfony/recipes",
            "branch": "master",
            "version": "4.3",
            "ref": "6d0e35f749d5f4bfe1f011762875275cd3f9874f"
        },
        "files": [
            "./.env.test",
            "./bin/phpunit",
            "./phpunit.xml.dist",
            "./tests/bootstrap.php"
        ]
    },
    "symfony/process": {
        "version": "v5.0.11"
    },
    "symfony/property-info": {
        "version": "v5.0.11"
    },
    "symfony/serializer": {
        "version": "v5.0.11"
    },
    "symfony/slack-notifier": {
        "version": "5.0",
        "recipe": {
            "repo": "github.com/symfony/recipes",
            "branch": "master",
            "version": "5.0",
            "ref": "192bc241a3095c6861353e5a7a652ad35659ca92"
        }
    },
    "symfony/web-link": {
        "version": "v5.0.11"
    },
    "symfony/webpack-encore-bundle": {
        "version": "1.6",
        "recipe": {
            "repo": "github.com/symfony/recipes",
            "branch": "master",
            "version": "1.6",
            "ref": "69e1d805ad95964088bd510c05995e87dc391564"
        },
        "files": [
            "./assets/css/app.css",
            "./assets/js/app.js",
            "./config/packages/assets.yaml",
            "./config/packages/prod/webpack_encore.yaml",
            "./config/packages/test/webpack_encore.yaml",
            "./config/packages/webpack_encore.yaml",
            "./package.json",
            "./webpack.config.js"
        ]
    },
    "symfony/workflow": {
        "version": "3.3",
        "recipe": {
            "repo": "github.com/symfony/recipes",
            "branch": "master",
            "version": "3.3",
            "ref": "3b2f8ca32a07fcb00f899649053943fa3d8bbfb6"
        },
        "files": [
            "./config/packages/workflow.yaml"
        ]
    },
    "tijsverkoyen/css-to-inline-styles": {
        "version": "2.2.3"
    },
    "twig/cssinliner-extra": {
        "version": "v3.0.5"
    },
    "twig/inky-extra": {
        "version": "v3.0.5"
    },
    "twig/string-extra": {
        "version": "v3.0.5"
    },
    "webmozart/assert": {
        "version": "1.9.1"
    },
    "willdurand/negotiation": {
        "version": "v2.3.1"
    }
}
